
Microsoft Visual Studio Solution File, Format Version 10.00
# Visual Studio 2008
Project("{FAE04EC0-301F-11D3-BF4B-00C04F79EFBC}") = "DAO", "DAO\DAO.csproj", "{FB2ECA18-887E-455E-9920-761B7DCBD777}"
EndProject
Project("{FAE04EC0-301F-11D3-BF4B-00C04F79EFBC}") = "Model", "Model\Model.csproj", "{E1D25D73-27CC-4525-900D-299B3ABE0818}"
EndProject
Project("{FAE04EC0-301F-11D3-BF4B-00C04F79EFBC}") = "ProyectoStandard", "ProyectoStandard\ProyectoStandard.csproj", "{90D80E2D-C5D8-4015-B13A-E4684A835073}"
EndProject
Project("{54435603-DBB4-11D2-8724-00A0C9A8B90C}") = "Setup", "Setup\Setup.vdproj", "{AF734C75-665C-45BD-8696-2440F90635BD}"
EndProject
Global
	GlobalSection(SolutionConfigurationPlatforms) = preSolution
		Debug|Any CPU = Debug|Any CPU
		Release|Any CPU = Release|Any CPU
	EndGlobalSection
	GlobalSection(ProjectConfigurationPlatforms) = postSolution
		{FB2ECA18-887E-455E-9920-761B7DCBD777}.Debug|Any CPU.ActiveCfg = Debug|Any CPU
		{FB2ECA18-887E-455E-9920-761B7DCBD777}.Debug|Any CPU.Build.0 = Debug|Any CPU
		{FB2ECA18-887E-455E-9920-761B7DCBD777}.Release|Any CPU.ActiveCfg = Release|Any CPU
		{FB2ECA18-887E-455E-9920-761B7DCBD777}.Release|Any CPU.Build.0 = Release|Any CPU
		{E1D25D73-27CC-4525-900D-299B3ABE0818}.Debug|Any CPU.ActiveCfg = Debug|Any CPU
		{E1D25D73-27CC-4525-900D-299B3ABE0818}.Debug|Any CPU.Build.0 = Debug|Any CPU
		{E1D25D73-27CC-4525-900D-299B3ABE0818}.Release|Any CPU.ActiveCfg = Release|Any CPU
		{E1D25D73-27CC-4525-900D-299B3ABE0818}.Release|Any CPU.Build.0 = Release|Any CPU
		{90D80E2D-C5D8-4015-B13A-E4684A835073}.Debug|Any CPU.ActiveCfg = Debug|Any CPU
		{90D80E2D-C5D8-4015-B13A-E4684A835073}.Debug|Any CPU.Build.0 = Debug|Any CPU
		{90D80E2D-C5D8-4015-B13A-E4684A835073}.Release|Any CPU.ActiveCfg = Release|Any CPU
		{90D80E2D-C5D8-4015-B13A-E4684A835073}.Release|Any CPU.Build.0 = Release|Any CPU
		{AF734C75-665C-45BD-8696-2440F90635BD}.Debug|Any CPU.ActiveCfg = Debug
		{AF734C75-665C-45BD-8696-2440F90635BD}.Release|Any CPU.ActiveCfg = Release
	EndGlobalSection
	GlobalSection(SolutionProperties) = preSolution
		HideSolutionNode = FALSE
	EndGlobalSection
EndGlobal
